
Microsoft Visual Studio Solution File, Format Version 12.00
# Visual Studio Version 17
VisualStudioVersion = 17.10.35013.160
MinimumVisualStudioVersion = 10.0.40219.1
Project("{FAE04EC0-301F-11D3-BF4B-00C04F79EFBC}") = "ConsoleWithForms_SetHookThread", "ConsoleWithForms_SetHookThread\ConsoleWithForms_SetHookThread.csproj", "{0073844C-2E59-4506-A76E-1D85632EF749}"
EndProject
Global
	GlobalSection(SolutionConfigurationPlatforms) = preSolution
		Debug|Any CPU = Debug|Any CPU
		Release|Any CPU = Release|Any CPU
	EndGlobalSection
	GlobalSection(ProjectConfigurationPlatforms) = postSolution
		{0073844C-2E59-4506-A76E-1D85632EF749}.Debug|Any CPU.ActiveCfg = Debug|Any CPU
		{0073844C-2E59-4506-A76E-1D85632EF749}.Debug|Any CPU.Build.0 = Debug|Any CPU
		{0073844C-2E59-4506-A76E-1D85632EF749}.Release|Any CPU.ActiveCfg = Release|Any CPU
		{0073844C-2E59-4506-A76E-1D85632EF749}.Release|Any CPU.Build.0 = Release|Any CPU
	EndGlobalSection
	GlobalSection(SolutionProperties) = preSolution
		HideSolutionNode = FALSE
	EndGlobalSection
	GlobalSection(ExtensibilityGlobals) = postSolution
		SolutionGuid = {5F633A46-D0DA-42F0-BEC3-7E58BE6E8E80}
	EndGlobalSection
EndGlobal
